
Microsoft Visual Studio Solution File, Format Version 12.00
# Visual Studio Version 16
VisualStudioVersion = 16.0.30804.86
MinimumVisualStudioVersion = 10.0.40219.1
Project("{FAE04EC0-301F-11D3-BF4B-00C04F79EFBC}") = "FindIntType", "FindIntType\FindIntType.csproj", "{8C94E720-0B53-4985-BA63-A4A9B7CE1B37}"
EndProject
Global
	GlobalSection(SolutionConfigurationPlatforms) = preSolution
		Debug|Any CPU = Debug|Any CPU
		Release|Any CPU = Release|Any CPU
	EndGlobalSection
	GlobalSection(ProjectConfigurationPlatforms) = postSolution
		{8C94E720-0B53-4985-BA63-A4A9B7CE1B37}.Debug|Any CPU.ActiveCfg = Debug|Any CPU
		{8C94E720-0B53-4985-BA63-A4A9B7CE1B37}.Debug|Any CPU.Build.0 = Debug|Any CPU
		{8C94E720-0B53-4985-BA63-A4A9B7CE1B37}.Release|Any CPU.ActiveCfg = Release|Any CPU
		{8C94E720-0B53-4985-BA63-A4A9B7CE1B37}.Release|Any CPU.Build.0 = Release|Any CPU
	EndGlobalSection
	GlobalSection(SolutionProperties) = preSolution
		HideSolutionNode = FALSE
	EndGlobalSection
	GlobalSection(ExtensibilityGlobals) = postSolution
		SolutionGuid = {6654CF55-9046-43C7-B8FA-E8D5B7385A56}
	EndGlobalSection
EndGlobal
